// !$*UTF8*$!
{
	archiveVersion = 1;
	classes = {
	};
	objectVersion = 51;
	objects = {

/* Begin PBXBuildFile section */
		7912E2972438C7C500402727 /* ClassesViewController.swift in Sources */ = {isa = PBXBuildFile; fileRef = 7912E2952438C7C500402727 /* ClassesViewController.swift */; };
		7912E2982438C7C500402727 /* ClassCollectionViewCell.swift in Sources */ = {isa = PBXBuildFile; fileRef = 7912E2962438C7C500402727 /* ClassCollectionViewCell.swift */; };
		7912E29A2438D9CC00402727 /* SectionHeader.swift in Sources */ = {isa = PBXBuildFile; fileRef = 7912E2992438D9CC00402727 /* SectionHeader.swift */; };
		7912E29C2438E61400402727 /* VideosViewController.swift in Sources */ = {isa = PBXBuildFile; fileRef = 7912E29B2438E61400402727 /* VideosViewController.swift */; };
		791F890D243F759B00238D11 /* ContactViewController.swift in Sources */ = {isa = PBXBuildFile; fileRef = 791F890C243F759B00238D11 /* ContactViewController.swift */; };
		791F8912243F89F200238D11 /* FeedbackViewController.swift in Sources */ = {isa = PBXBuildFile; fileRef = 791F8911243F89F200238D11 /* FeedbackViewController.swift */; };
		791F8914243F8A0700238D11 /* FeedbackTableViewCell.swift in Sources */ = {isa = PBXBuildFile; fileRef = 791F8913243F8A0700238D11 /* FeedbackTableViewCell.swift */; };
		793FAEAB2466FAF2002CA006 /* SeriesViewController.swift in Sources */ = {isa = PBXBuildFile; fileRef = 793FAEAA2466FAF2002CA006 /* SeriesViewController.swift */; };
		793FAEAF2466FD91002CA006 /* Series.swift in Sources */ = {isa = PBXBuildFile; fileRef = 793FAEAE2466FD91002CA006 /* Series.swift */; };
		7942F5EE246ED4F0002223BA /* StoreKit.framework in Frameworks */ = {isa = PBXBuildFile; fileRef = 7942F5ED246ED4F0002223BA /* StoreKit.framework */; };
		7942F5F0246ED56C002223BA /* SubscriptionViewController.swift in Sources */ = {isa = PBXBuildFile; fileRef = 7942F5EF246ED56C002223BA /* SubscriptionViewController.swift */; };
		7942F5F3246EDD3E002223BA /* SubscriptionTypes.swift in Sources */ = {isa = PBXBuildFile; fileRef = 7942F5F2246EDD3E002223BA /* SubscriptionTypes.swift */; };
		7942F5F5246EDD8B002223BA /* IAPManager.swift in Sources */ = {isa = PBXBuildFile; fileRef = 7942F5F4246EDD8B002223BA /* IAPManager.swift */; };
		794EB0432440C3E800F6AFC9 /* UIColorExtension.swift in Sources */ = {isa = PBXBuildFile; fileRef = 794EB0422440C3E800F6AFC9 /* UIColorExtension.swift */; };
		794EB0452440C57200F6AFC9 /* HomeTabBarController.swift in Sources */ = {isa = PBXBuildFile; fileRef = 794EB0442440C57200F6AFC9 /* HomeTabBarController.swift */; };
		795CA9E724420AE2004EA7CE /* UIImageExtension.swift in Sources */ = {isa = PBXBuildFile; fileRef = 795CA9E624420AE2004EA7CE /* UIImageExtension.swift */; };
		795CA9EA24422EA9004EA7CE /* MainModel.swift in Sources */ = {isa = PBXBuildFile; fileRef = 795CA9E924422EA9004EA7CE /* MainModel.swift */; };
		795CA9F42442331C004EA7CE /* Date+CurrenTimeMillis.swift in Sources */ = {isa = PBXBuildFile; fileRef = 795CA9F32442331C004EA7CE /* Date+CurrenTimeMillis.swift */; };
		795CA9F62442FA21004EA7CE /* Feedback.swift in Sources */ = {isa = PBXBuildFile; fileRef = 795CA9F52442FA21004EA7CE /* Feedback.swift */; };
		795CA9FE2443292B004EA7CE /* Category.swift in Sources */ = {isa = PBXBuildFile; fileRef = 795CA9FD2443292B004EA7CE /* Category.swift */; };
		795CAA00244329FB004EA7CE /* Video.swift in Sources */ = {isa = PBXBuildFile; fileRef = 795CA9FF244329FB004EA7CE /* Video.swift */; };
		795CAA0324435C1C004EA7CE /* FirebaseManager.swift in Sources */ = {isa = PBXBuildFile; fileRef = 795CAA0224435C1C004EA7CE /* FirebaseManager.swift */; };
		795CAA0724436833004EA7CE /* VideoTableViewCell.swift in Sources */ = {isa = PBXBuildFile; fileRef = 795CAA0624436833004EA7CE /* VideoTableViewCell.swift */; };
		7960DE2B24810A79008BC296 /* Roboto-Regular.ttf in Resources */ = {isa = PBXBuildFile; fileRef = 7960DE2924810A73008BC296 /* Roboto-Regular.ttf */; };
		7960DE2C24810A79008BC296 /* Roboto-Medium.ttf in Resources */ = {isa = PBXBuildFile; fileRef = 7960DE2A24810A79008BC296 /* Roboto-Medium.ttf */; };
		7961D81824757D18002A9E68 /* VimeoClient.swift in Sources */ = {isa = PBXBuildFile; fileRef = 7961D81724757D18002A9E68 /* VimeoClient.swift */; };
		7968B9452427B2D500FBBE7A /* AppDelegate.swift in Sources */ = {isa = PBXBuildFile; fileRef = 7968B9442427B2D500FBBE7A /* AppDelegate.swift */; };
		7968B9472427B2D500FBBE7A /* SceneDelegate.swift in Sources */ = {isa = PBXBuildFile; fileRef = 7968B9462427B2D500FBBE7A /* SceneDelegate.swift */; };
		7968B94C2427B2D500FBBE7A /* Main.storyboard in Resources */ = {isa = PBXBuildFile; fileRef = 7968B94A2427B2D500FBBE7A /* Main.storyboard */; };
		7968B94E2427B2D700FBBE7A /* Assets.xcassets in Resources */ = {isa = PBXBuildFile; fileRef = 7968B94D2427B2D700FBBE7A /* Assets.xcassets */; };
		7968B9512427B2D700FBBE7A /* LaunchScreen.storyboard in Resources */ = {isa = PBXBuildFile; fileRef = 7968B94F2427B2D700FBBE7A /* LaunchScreen.storyboard */; };
		7968B95D2427B88800FBBE7A /* SplashViewController.swift in Sources */ = {isa = PBXBuildFile; fileRef = 7968B95C2427B88800FBBE7A /* SplashViewController.swift */; };
		79742F7E2469B2930057959A /* VimeoPlayerViewController.swift in Sources */ = {isa = PBXBuildFile; fileRef = 79742F7D2469B2930057959A /* VimeoPlayerViewController.swift */; };
		797CAE8724785A23009BB025 /* AlertViewController.swift in Sources */ = {isa = PBXBuildFile; fileRef = 797CAE8624785A23009BB025 /* AlertViewController.swift */; };
		797CAE8924785FDE009BB025 /* AlertService.swift in Sources */ = {isa = PBXBuildFile; fileRef = 797CAE8824785FDE009BB025 /* AlertService.swift */; };
		797CAE8B2479984B009BB025 /* SubscriptionTableViewCell.swift in Sources */ = {isa = PBXBuildFile; fileRef = 797CAE8A2479984B009BB025 /* SubscriptionTableViewCell.swift */; };
		797CAE8D2479993A009BB025 /* SubscriptionModel.swift in Sources */ = {isa = PBXBuildFile; fileRef = 797CAE8C24799939009BB025 /* SubscriptionModel.swift */; };
		797E29972432238B002519E2 /* test.jpeg in Resources */ = {isa = PBXBuildFile; fileRef = 797E29962432238B002519E2 /* test.jpeg */; };
		797F5B7124558330001DDB77 /* Answer.swift in Sources */ = {isa = PBXBuildFile; fileRef = 797F5B7024558330001DDB77 /* Answer.swift */; };
		79B007A22427BB4900D89233 /* bailarte.mp4 in Resources */ = {isa = PBXBuildFile; fileRef = 79B007A12427BB4900D89233 /* bailarte.mp4 */; };
		79B007A52427BC5600D89233 /* UIViewController+Extension.swift in Sources */ = {isa = PBXBuildFile; fileRef = 79B007A42427BC5600D89233 /* UIViewController+Extension.swift */; };
		79B1E1A6245D71A0007CC942 /* GoogleService-Info.plist in Resources */ = {isa = PBXBuildFile; fileRef = 79B1E1A5245D71A0007CC942 /* GoogleService-Info.plist */; };
		79B1E1A8245D8011007CC942 /* LoginViewController.swift in Sources */ = {isa = PBXBuildFile; fileRef = 79B1E1A7245D8011007CC942 /* LoginViewController.swift */; };
		79D50629248CC4F600ED6609 /* RequestManager.swift in Sources */ = {isa = PBXBuildFile; fileRef = 79D50628248CC4F600ED6609 /* RequestManager.swift */; };
		79DDD30E2484F57E0085C2E2 /* SimpleAlertViewController.swift in Sources */ = {isa = PBXBuildFile; fileRef = 79DDD30D2484F57E0085C2E2 /* SimpleAlertViewController.swift */; };
		79DF93EC248BF6FC008A7E7B /* VimeoManager.swift in Sources */ = {isa = PBXBuildFile; fileRef = 79DF93EB248BF6FC008A7E7B /* VimeoManager.swift */; };
		D0F4B6E8239B4DD72FD712C3 /* Pods_BAILArte.framework in Frameworks */ = {isa = PBXBuildFile; fileRef = 318A6CF5A3F4B9DE9FF5D1D4 /* Pods_BAILArte.framework */; };
/* End PBXBuildFile section */

/* Begin PBXFileReference section */
		2F85D669BD07B867B2142D31 /* Pods-BAILArte.release.xcconfig */ = {isa = PBXFileReference; includeInIndex = 1; lastKnownFileType = text.xcconfig; name = "Pods-BAILArte.release.xcconfig"; path = "Target Support Files/Pods-BAILArte/Pods-BAILArte.release.xcconfig"; sourceTree = "<group>"; };
		318A6CF5A3F4B9DE9FF5D1D4 /* Pods_BAILArte.framework */ = {isa = PBXFileReference; explicitFileType = wrapper.framework; includeInIndex = 0; path = Pods_BAILArte.framework; sourceTree = BUILT_PRODUCTS_DIR; };
		78AF28A039FEEF48E7385040 /* Pods-BAILArte.debug.xcconfig */ = {isa = PBXFileReference; includeInIndex = 1; lastKnownFileType = text.xcconfig; name = "Pods-BAILArte.debug.xcconfig"; path = "Target Support Files/Pods-BAILArte/Pods-BAILArte.debug.xcconfig"; sourceTree = "<group>"; };
		7912E2952438C7C500402727 /* ClassesViewController.swift */ = {isa = PBXFileReference; fileEncoding = 4; lastKnownFileType = sourcecode.swift; name = ClassesViewController.swift; path = BAILArte/CollectionViewController/ClassesViewController.swift; sourceTree = SOURCE_ROOT; };
		7912E2962438C7C500402727 /* ClassCollectionViewCell.swift */ = {isa = PBXFileReference; fileEncoding = 4; lastKnownFileType = sourcecode.swift; name = ClassCollectionViewCell.swift; path = BAILArte/CollectionViewController/ClassCollectionViewCell.swift; sourceTree = SOURCE_ROOT; };
		7912E2992438D9CC00402727 /* SectionHeader.swift */ = {isa = PBXFileReference; lastKnownFileType = sourcecode.swift; name = SectionHeader.swift; path = BAILArte/CollectionViewController/SectionHeader.swift; sourceTree = SOURCE_ROOT; };
		7912E29B2438E61400402727 /* VideosViewController.swift */ = {isa = PBXFileReference; lastKnownFileType = sourcecode.swift; path = VideosViewController.swift; sourceTree = "<group>"; };
		791F890C243F759B00238D11 /* ContactViewController.swift */ = {isa = PBXFileReference; lastKnownFileType = sourcecode.swift; name = ContactViewController.swift; path = "../New Group/ContactViewController.swift"; sourceTree = "<group>"; };
		791F8911243F89F200238D11 /* FeedbackViewController.swift */ = {isa = PBXFileReference; lastKnownFileType = sourcecode.swift; path = FeedbackViewController.swift; sourceTree = "<group>"; };
		791F8913243F8A0700238D11 /* FeedbackTableViewCell.swift */ = {isa = PBXFileReference; lastKnownFileType = sourcecode.swift; path = FeedbackTableViewCell.swift; sourceTree = "<group>"; };
		793FAEAA2466FAF2002CA006 /* SeriesViewController.swift */ = {isa = PBXFileReference; lastKnownFileType = sourcecode.swift; path = SeriesViewController.swift; sourceTree = "<group>"; };
		793FAEAE2466FD91002CA006 /* Series.swift */ = {isa = PBXFileReference; lastKnownFileType = sourcecode.swift; path = Series.swift; sourceTree = "<group>"; };
		7942F5ED246ED4F0002223BA /* StoreKit.framework */ = {isa = PBXFileReference; lastKnownFileType = wrapper.framework; name = StoreKit.framework; path = System/Library/Frameworks/StoreKit.framework; sourceTree = SDKROOT; };
		7942F5EF246ED56C002223BA /* SubscriptionViewController.swift */ = {isa = PBXFileReference; lastKnownFileType = sourcecode.swift; name = SubscriptionViewController.swift; path = "../New Group2/SubscriptionViewController.swift"; sourceTree = "<group>"; };
		7942F5F2246EDD3E002223BA /* SubscriptionTypes.swift */ = {isa = PBXFileReference; lastKnownFileType = sourcecode.swift; path = SubscriptionTypes.swift; sourceTree = "<group>"; };
		7942F5F4246EDD8B002223BA /* IAPManager.swift */ = {isa = PBXFileReference; lastKnownFileType = sourcecode.swift; path = IAPManager.swift; sourceTree = "<group>"; };
		794EB0422440C3E800F6AFC9 /* UIColorExtension.swift */ = {isa = PBXFileReference; lastKnownFileType = sourcecode.swift; path = UIColorExtension.swift; sourceTree = "<group>"; };
		794EB0442440C57200F6AFC9 /* HomeTabBarController.swift */ = {isa = PBXFileReference; lastKnownFileType = sourcecode.swift; path = HomeTabBarController.swift; sourceTree = "<group>"; };
		795CA9E624420AE2004EA7CE /* UIImageExtension.swift */ = {isa = PBXFileReference; lastKnownFileType = sourcecode.swift; path = UIImageExtension.swift; sourceTree = "<group>"; };
		795CA9E924422EA9004EA7CE /* MainModel.swift */ = {isa = PBXFileReference; lastKnownFileType = sourcecode.swift; name = MainModel.swift; path = BAILArte/Extension/MainModel.swift; sourceTree = SOURCE_ROOT; };
		795CA9F32442331C004EA7CE /* Date+CurrenTimeMillis.swift */ = {isa = PBXFileReference; lastKnownFileType = sourcecode.swift; path = "Date+CurrenTimeMillis.swift"; sourceTree = "<group>"; };
		795CA9F52442FA21004EA7CE /* Feedback.swift */ = {isa = PBXFileReference; lastKnownFileType = sourcecode.swift; path = Feedback.swift; sourceTree = "<group>"; };
		795CA9FD2443292B004EA7CE /* Category.swift */ = {isa = PBXFileReference; lastKnownFileType = sourcecode.swift; path = Category.swift; sourceTree = "<group>"; };
		795CA9FF244329FB004EA7CE /* Video.swift */ = {isa = PBXFileReference; lastKnownFileType = sourcecode.swift; path = Video.swift; sourceTree = "<group>"; };
		795CAA0224435C1C004EA7CE /* FirebaseManager.swift */ = {isa = PBXFileReference; lastKnownFileType = sourcecode.swift; name = FirebaseManager.swift; path = BAILArte/Entities/FirebaseManager.swift; sourceTree = SOURCE_ROOT; };
		795CAA0624436833004EA7CE /* VideoTableViewCell.swift */ = {isa = PBXFileReference; lastKnownFileType = sourcecode.swift; path = VideoTableViewCell.swift; sourceTree = "<group>"; };
		7960DE2924810A73008BC296 /* Roboto-Regular.ttf */ = {isa = PBXFileReference; lastKnownFileType = file; path = "Roboto-Regular.ttf"; sourceTree = "<group>"; };
		7960DE2A24810A79008BC296 /* Roboto-Medium.ttf */ = {isa = PBXFileReference; lastKnownFileType = file; path = "Roboto-Medium.ttf"; sourceTree = "<group>"; };
		7961D81724757D18002A9E68 /* VimeoClient.swift */ = {isa = PBXFileReference; lastKnownFileType = sourcecode.swift; path = VimeoClient.swift; sourceTree = "<group>"; };
		7968B9412427B2D500FBBE7A /* BAILArte.app */ = {isa = PBXFileReference; explicitFileType = wrapper.application; includeInIndex = 0; path = BAILArte.app; sourceTree = BUILT_PRODUCTS_DIR; };
		7968B9442427B2D500FBBE7A /* AppDelegate.swift */ = {isa = PBXFileReference; lastKnownFileType = sourcecode.swift; path = AppDelegate.swift; sourceTree = "<group>"; };
		7968B9462427B2D500FBBE7A /* SceneDelegate.swift */ = {isa = PBXFileReference; lastKnownFileType = sourcecode.swift; path = SceneDelegate.swift; sourceTree = "<group>"; };
		7968B94B2427B2D500FBBE7A /* Base */ = {isa = PBXFileReference; lastKnownFileType = file.storyboard; name = Base; path = Base.lproj/Main.storyboard; sourceTree = "<group>"; };
		7968B94D2427B2D700FBBE7A /* Assets.xcassets */ = {isa = PBXFileReference; lastKnownFileType = folder.assetcatalog; path = Assets.xcassets; sourceTree = "<group>"; };
		7968B9502427B2D700FBBE7A /* Base */ = {isa = PBXFileReference; lastKnownFileType = file.storyboard; name = Base; path = Base.lproj/LaunchScreen.storyboard; sourceTree = "<group>"; };
		7968B9522427B2D700FBBE7A /* Info.plist */ = {isa = PBXFileReference; lastKnownFileType = text.plist.xml; path = Info.plist; sourceTree = "<group>"; };
		7968B95C2427B88800FBBE7A /* SplashViewController.swift */ = {isa = PBXFileReference; lastKnownFileType = sourcecode.swift; path = SplashViewController.swift; sourceTree = "<group>"; };
		79742F7D2469B2930057959A /* VimeoPlayerViewController.swift */ = {isa = PBXFileReference; lastKnownFileType = sourcecode.swift; path = VimeoPlayerViewController.swift; sourceTree = "<group>"; };
		7974AE7F245B299A006DFE05 /* BAILArte.entitlements */ = {isa = PBXFileReference; lastKnownFileType = text.plist.entitlements; path = BAILArte.entitlements; sourceTree = "<group>"; };
		797CAE8624785A23009BB025 /* AlertViewController.swift */ = {isa = PBXFileReference; lastKnownFileType = sourcecode.swift; path = AlertViewController.swift; sourceTree = "<group>"; };
		797CAE8824785FDE009BB025 /* AlertService.swift */ = {isa = PBXFileReference; lastKnownFileType = sourcecode.swift; path = AlertService.swift; sourceTree = "<group>"; };
		797CAE8A2479984B009BB025 /* SubscriptionTableViewCell.swift */ = {isa = PBXFileReference; lastKnownFileType = sourcecode.swift; path = SubscriptionTableViewCell.swift; sourceTree = "<group>"; };
		797CAE8C24799939009BB025 /* SubscriptionModel.swift */ = {isa = PBXFileReference; lastKnownFileType = sourcecode.swift; path = SubscriptionModel.swift; sourceTree = "<group>"; };
		797E29962432238B002519E2 /* test.jpeg */ = {isa = PBXFileReference; lastKnownFileType = image.jpeg; path = test.jpeg; sourceTree = "<group>"; };
		797F5B7024558330001DDB77 /* Answer.swift */ = {isa = PBXFileReference; lastKnownFileType = sourcecode.swift; path = Answer.swift; sourceTree = "<group>"; };
		79B007A12427BB4900D89233 /* bailarte.mp4 */ = {isa = PBXFileReference; lastKnownFileType = file; name = bailarte.mp4; path = ../../../../Downloads/bailarte.mp4; sourceTree = "<group>"; };
		79B007A42427BC5600D89233 /* UIViewController+Extension.swift */ = {isa = PBXFileReference; lastKnownFileType = sourcecode.swift; name = "UIViewController+Extension.swift"; path = "BAILArte/UIViewController+Extension.swift"; sourceTree = SOURCE_ROOT; };
		79B1E1A5245D71A0007CC942 /* GoogleService-Info.plist */ = {isa = PBXFileReference; fileEncoding = 4; lastKnownFileType = text.plist.xml; path = "GoogleService-Info.plist"; sourceTree = "<group>"; };
		79B1E1A7245D8011007CC942 /* LoginViewController.swift */ = {isa = PBXFileReference; lastKnownFileType = sourcecode.swift; path = LoginViewController.swift; sourceTree = "<group>"; };
		79D50628248CC4F600ED6609 /* RequestManager.swift */ = {isa = PBXFileReference; lastKnownFileType = sourcecode.swift; path = RequestManager.swift; sourceTree = "<group>"; };
		79DDD30D2484F57E0085C2E2 /* SimpleAlertViewController.swift */ = {isa = PBXFileReference; lastKnownFileType = sourcecode.swift; path = SimpleAlertViewController.swift; sourceTree = "<group>"; };
		79DF93EB248BF6FC008A7E7B /* VimeoManager.swift */ = {isa = PBXFileReference; lastKnownFileType = sourcecode.swift; path = VimeoManager.swift; sourceTree = "<group>"; };
/* End PBXFileReference section */

/* Begin PBXFrameworksBuildPhase section */
		7968B93E2427B2D500FBBE7A /* Frameworks */ = {
			isa = PBXFrameworksBuildPhase;
			buildActionMask = 2147483647;
			files = (
				7942F5EE246ED4F0002223BA /* StoreKit.framework in Frameworks */,
				D0F4B6E8239B4DD72FD712C3 /* Pods_BAILArte.framework in Frameworks */,
			);
			runOnlyForDeploymentPostprocessing = 0;
		};
/* End PBXFrameworksBuildPhase section */

/* Begin PBXGroup section */
		4D971EFD0868646182ECC299 /* Pods */ = {
			isa = PBXGroup;
			children = (
				78AF28A039FEEF48E7385040 /* Pods-BAILArte.debug.xcconfig */,
				2F85D669BD07B867B2142D31 /* Pods-BAILArte.release.xcconfig */,
			);
			path = Pods;
			sourceTree = "<group>";
		};
		791F890E243F89B300238D11 /* Contact */ = {
			isa = PBXGroup;
			children = (
				791F890C243F759B00238D11 /* ContactViewController.swift */,
			);
			path = Contact;
			sourceTree = "<group>";
		};
		791F8910243F89DD00238D11 /* Feedback */ = {
			isa = PBXGroup;
			children = (
				791F8911243F89F200238D11 /* FeedbackViewController.swift */,
				791F8913243F8A0700238D11 /* FeedbackTableViewCell.swift */,
			);
			name = Feedback;
			sourceTree = "<group>";
		};
		7942F5F1246EDD0A002223BA /* Subscription */ = {
			isa = PBXGroup;
			children = (
				7942F5F2246EDD3E002223BA /* SubscriptionTypes.swift */,
				7942F5F4246EDD8B002223BA /* IAPManager.swift */,
				7942F5EF246ED56C002223BA /* SubscriptionViewController.swift */,
				797CAE8A2479984B009BB025 /* SubscriptionTableViewCell.swift */,
			);
			path = Subscription;
			sourceTree = "<group>";
		};
		795CA9E824422E7B004EA7CE /* Entities */ = {
			isa = PBXGroup;
			children = (
				795CA9E924422EA9004EA7CE /* MainModel.swift */,
				793FAEAE2466FD91002CA006 /* Series.swift */,
				797CAE8C24799939009BB025 /* SubscriptionModel.swift */,
				797F5B7024558330001DDB77 /* Answer.swift */,
				795CA9F52442FA21004EA7CE /* Feedback.swift */,
				795CA9FD2443292B004EA7CE /* Category.swift */,
				795CA9FF244329FB004EA7CE /* Video.swift */,
			);
			path = Entities;
			sourceTree = "<group>";
		};
		795CAA0124435B96004EA7CE /* Utils */ = {
			isa = PBXGroup;
			children = (
				795CAA0224435C1C004EA7CE /* FirebaseManager.swift */,
				79D50628248CC4F600ED6609 /* RequestManager.swift */,
				79DF93EB248BF6FC008A7E7B /* VimeoManager.swift */,
				797CAE8624785A23009BB025 /* AlertViewController.swift */,
				79DDD30D2484F57E0085C2E2 /* SimpleAlertViewController.swift */,
				7961D81724757D18002A9E68 /* VimeoClient.swift */,
				797CAE8824785FDE009BB025 /* AlertService.swift */,
			);
			path = Utils;
			sourceTree = "<group>";
		};
		795CAA05244366CB004EA7CE /* Videos */ = {
			isa = PBXGroup;
			children = (
				79742F7D2469B2930057959A /* VimeoPlayerViewController.swift */,
				7912E29B2438E61400402727 /* VideosViewController.swift */,
				795CAA0624436833004EA7CE /* VideoTableViewCell.swift */,
				793FAEAA2466FAF2002CA006 /* SeriesViewController.swift */,
			);
			path = Videos;
			sourceTree = "<group>";
		};
		7960DE2824810A07008BC296 /* Font */ = {
			isa = PBXGroup;
			children = (
				7960DE2A24810A79008BC296 /* Roboto-Medium.ttf */,
				7960DE2924810A73008BC296 /* Roboto-Regular.ttf */,
			);
			path = Font;
			sourceTree = "<group>";
		};
		7968B9382427B2D500FBBE7A = {
			isa = PBXGroup;
			children = (
				7974AE7F245B299A006DFE05 /* BAILArte.entitlements */,
				7968B9432427B2D500FBBE7A /* BAILArte */,
				7968B9422427B2D500FBBE7A /* Products */,
				4D971EFD0868646182ECC299 /* Pods */,
				BFC05293478AD1C2B4303624 /* Frameworks */,
			);
			sourceTree = "<group>";
		};
		7968B9422427B2D500FBBE7A /* Products */ = {
			isa = PBXGroup;
			children = (
				7968B9412427B2D500FBBE7A /* BAILArte.app */,
			);
			name = Products;
			sourceTree = "<group>";
		};
		7968B9432427B2D500FBBE7A /* BAILArte */ = {
			isa = PBXGroup;
			children = (
				7968B9442427B2D500FBBE7A /* AppDelegate.swift */,
				7968B9462427B2D500FBBE7A /* SceneDelegate.swift */,
				7968B95C2427B88800FBBE7A /* SplashViewController.swift */,
				794EB0442440C57200F6AFC9 /* HomeTabBarController.swift */,
				79B1E1A7245D8011007CC942 /* LoginViewController.swift */,
				7942F5F1246EDD0A002223BA /* Subscription */,
				795CAA05244366CB004EA7CE /* Videos */,
				795CAA0124435B96004EA7CE /* Utils */,
				795CA9E824422E7B004EA7CE /* Entities */,
				79B007A32427BC3900D89233 /* Extension */,
				7985896C24324DD600F655BF /* Categories */,
				791F890E243F89B300238D11 /* Contact */,
				791F8910243F89DD00238D11 /* Feedback */,
				7968B94D2427B2D700FBBE7A /* Assets.xcassets */,
				79B007A12427BB4900D89233 /* bailarte.mp4 */,
				7960DE2824810A07008BC296 /* Font */,
				79B1E1A5245D71A0007CC942 /* GoogleService-Info.plist */,
				7968B94A2427B2D500FBBE7A /* Main.storyboard */,
				797E29962432238B002519E2 /* test.jpeg */,
				7968B94F2427B2D700FBBE7A /* LaunchScreen.storyboard */,
				7968B9522427B2D700FBBE7A /* Info.plist */,
			);
			path = BAILArte;
			sourceTree = "<group>";
		};
		7985896C24324DD600F655BF /* Categories */ = {
			isa = PBXGroup;
			children = (
				7912E2962438C7C500402727 /* ClassCollectionViewCell.swift */,
				7912E2992438D9CC00402727 /* SectionHeader.swift */,
				7912E2952438C7C500402727 /* ClassesViewController.swift */,
			);
			path = Categories;
			sourceTree = "<group>";
		};
		79B007A32427BC3900D89233 /* Extension */ = {
			isa = PBXGroup;
			children = (
				79B007A42427BC5600D89233 /* UIViewController+Extension.swift */,
				795CA9F32442331C004EA7CE /* Date+CurrenTimeMillis.swift */,
				794EB0422440C3E800F6AFC9 /* UIColorExtension.swift */,
				795CA9E624420AE2004EA7CE /* UIImageExtension.swift */,
			);
			path = Extension;
			sourceTree = "<group>";
		};
		BFC05293478AD1C2B4303624 /* Frameworks */ = {
			isa = PBXGroup;
			children = (
				7942F5ED246ED4F0002223BA /* StoreKit.framework */,
				318A6CF5A3F4B9DE9FF5D1D4 /* Pods_BAILArte.framework */,
			);
			name = Frameworks;
			sourceTree = "<group>";
		};
/* End PBXGroup section */

/* Begin PBXNativeTarget section */
		7968B9402427B2D500FBBE7A /* BAILArte */ = {
			isa = PBXNativeTarget;
			buildConfigurationList = 7968B9552427B2D700FBBE7A /* Build configuration list for PBXNativeTarget "BAILArte" */;
			buildPhases = (
				DD5B1B51413FA22946DFF8D1 /* [CP] Check Pods Manifest.lock */,
				7968B93D2427B2D500FBBE7A /* Sources */,
				7968B93E2427B2D500FBBE7A /* Frameworks */,
				7968B93F2427B2D500FBBE7A /* Resources */,
				62702E0D069A0961485CFFDD /* [CP] Embed Pods Frameworks */,
				C048615BDC11694586F9F975 /* [CP] Copy Pods Resources */,
			);
			buildRules = (
			);
			dependencies = (
			);
			name = BAILArte;
			productName = BAILArte;
			productReference = 7968B9412427B2D500FBBE7A /* BAILArte.app */;
			productType = "com.apple.product-type.application";
		};
/* End PBXNativeTarget section */

/* Begin PBXProject section */
		7968B9392427B2D500FBBE7A /* Project object */ = {
			isa = PBXProject;
			attributes = {
				LastSwiftUpdateCheck = 1130;
				LastUpgradeCheck = 1130;
				ORGANIZATIONNAME = Pralea;
				TargetAttributes = {
					7968B9402427B2D500FBBE7A = {
						CreatedOnToolsVersion = 11.3.1;
					};
				};
			};
			buildConfigurationList = 7968B93C2427B2D500FBBE7A /* Build configuration list for PBXProject "BAILArte" */;
			compatibilityVersion = "Xcode 9.3";
			developmentRegion = en;
			hasScannedForEncodings = 0;
			knownRegions = (
				en,
				Base,
			);
			mainGroup = 7968B9382427B2D500FBBE7A;
			productRefGroup = 7968B9422427B2D500FBBE7A /* Products */;
			projectDirPath = "";
			projectRoot = "";
			targets = (
				7968B9402427B2D500FBBE7A /* BAILArte */,
			);
		};
/* End PBXProject section */

/* Begin PBXResourcesBuildPhase section */
		7968B93F2427B2D500FBBE7A /* Resources */ = {
			isa = PBXResourcesBuildPhase;
			buildActionMask = 2147483647;
			files = (
				7960DE2C24810A79008BC296 /* Roboto-Medium.ttf in Resources */,
				7968B9512427B2D700FBBE7A /* LaunchScreen.storyboard in Resources */,
				7960DE2B24810A79008BC296 /* Roboto-Regular.ttf in Resources */,
				7968B94E2427B2D700FBBE7A /* Assets.xcassets in Resources */,
				7968B94C2427B2D500FBBE7A /* Main.storyboard in Resources */,
				79B007A22427BB4900D89233 /* bailarte.mp4 in Resources */,
				797E29972432238B002519E2 /* test.jpeg in Resources */,
				79B1E1A6245D71A0007CC942 /* GoogleService-Info.plist in Resources */,
			);
			runOnlyForDeploymentPostprocessing = 0;
		};
/* End PBXResourcesBuildPhase section */

/* Begin PBXShellScriptBuildPhase section */
		62702E0D069A0961485CFFDD /* [CP] Embed Pods Frameworks */ = {
			isa = PBXShellScriptBuildPhase;
			buildActionMask = 2147483647;
			files = (
			);
			inputFileListPaths = (
				"${PODS_ROOT}/Target Support Files/Pods-BAILArte/Pods-BAILArte-frameworks-${CONFIGURATION}-input-files.xcfilelist",
			);
			name = "[CP] Embed Pods Frameworks";
			outputFileListPaths = (
				"${PODS_ROOT}/Target Support Files/Pods-BAILArte/Pods-BAILArte-frameworks-${CONFIGURATION}-output-files.xcfilelist",
			);
			runOnlyForDeploymentPostprocessing = 0;
			shellPath = /bin/sh;
			shellScript = "\"${PODS_ROOT}/Target Support Files/Pods-BAILArte/Pods-BAILArte-frameworks.sh\"\n";
			showEnvVarsInLog = 0;
		};
		C048615BDC11694586F9F975 /* [CP] Copy Pods Resources */ = {
			isa = PBXShellScriptBuildPhase;
			buildActionMask = 2147483647;
			files = (
			);
			inputFileListPaths = (
				"${PODS_ROOT}/Target Support Files/Pods-BAILArte/Pods-BAILArte-resources-${CONFIGURATION}-input-files.xcfilelist",
			);
			name = "[CP] Copy Pods Resources";
			outputFileListPaths = (
				"${PODS_ROOT}/Target Support Files/Pods-BAILArte/Pods-BAILArte-resources-${CONFIGURATION}-output-files.xcfilelist",
			);
			runOnlyForDeploymentPostprocessing = 0;
			shellPath = /bin/sh;
			shellScript = "\"${PODS_ROOT}/Target Support Files/Pods-BAILArte/Pods-BAILArte-resources.sh\"\n";
			showEnvVarsInLog = 0;
		};
		DD5B1B51413FA22946DFF8D1 /* [CP] Check Pods Manifest.lock */ = {
			isa = PBXShellScriptBuildPhase;
			buildActionMask = 2147483647;
			files = (
			);
			inputFileListPaths = (
			);
			inputPaths = (
				"${PODS_PODFILE_DIR_PATH}/Podfile.lock",
				"${PODS_ROOT}/Manifest.lock",
			);
			name = "[CP] Check Pods Manifest.lock";
			outputFileListPaths = (
			);
			outputPaths = (
				"$(DERIVED_FILE_DIR)/Pods-BAILArte-checkManifestLockResult.txt",
			);
			runOnlyForDeploymentPostprocessing = 0;
			shellPath = /bin/sh;
			shellScript = "diff \"${PODS_PODFILE_DIR_PATH}/Podfile.lock\" \"${PODS_ROOT}/Manifest.lock\" > /dev/null\nif [ $? != 0 ] ; then\n    # print error to STDERR\n    echo \"error: The sandbox is not in sync with the Podfile.lock. Run 'pod install' or update your CocoaPods installation.\" >&2\n    exit 1\nfi\n# This output is used by Xcode 'outputs' to avoid re-running this script phase.\necho \"SUCCESS\" > \"${SCRIPT_OUTPUT_FILE_0}\"\n";
			showEnvVarsInLog = 0;
		};
/* End PBXShellScriptBuildPhase section */

/* Begin PBXSourcesBuildPhase section */
		7968B93D2427B2D500FBBE7A /* Sources */ = {
			isa = PBXSourcesBuildPhase;
			buildActionMask = 2147483647;
			files = (
				79D50629248CC4F600ED6609 /* RequestManager.swift in Sources */,
				7942F5F5246EDD8B002223BA /* IAPManager.swift in Sources */,
				7912E29C2438E61400402727 /* VideosViewController.swift in Sources */,
				795CA9F42442331C004EA7CE /* Date+CurrenTimeMillis.swift in Sources */,
				7961D81824757D18002A9E68 /* VimeoClient.swift in Sources */,
				794EB0432440C3E800F6AFC9 /* UIColorExtension.swift in Sources */,
				7968B9452427B2D500FBBE7A /* AppDelegate.swift in Sources */,
				795CAA00244329FB004EA7CE /* Video.swift in Sources */,
				795CAA0324435C1C004EA7CE /* FirebaseManager.swift in Sources */,
				797CAE8924785FDE009BB025 /* AlertService.swift in Sources */,
				7968B9472427B2D500FBBE7A /* SceneDelegate.swift in Sources */,
				79B1E1A8245D8011007CC942 /* LoginViewController.swift in Sources */,
				7942F5F3246EDD3E002223BA /* SubscriptionTypes.swift in Sources */,
				7912E2972438C7C500402727 /* ClassesViewController.swift in Sources */,
				79742F7E2469B2930057959A /* VimeoPlayerViewController.swift in Sources */,
				797CAE8D2479993A009BB025 /* SubscriptionModel.swift in Sources */,
				791F890D243F759B00238D11 /* ContactViewController.swift in Sources */,
				79DF93EC248BF6FC008A7E7B /* VimeoManager.swift in Sources */,
				791F8912243F89F200238D11 /* FeedbackViewController.swift in Sources */,
				7912E29A2438D9CC00402727 /* SectionHeader.swift in Sources */,
				79DDD30E2484F57E0085C2E2 /* SimpleAlertViewController.swift in Sources */,
				797F5B7124558330001DDB77 /* Answer.swift in Sources */,
				793FAEAF2466FD91002CA006 /* Series.swift in Sources */,
				791F8914243F8A0700238D11 /* FeedbackTableViewCell.swift in Sources */,
				795CA9EA24422EA9004EA7CE /* MainModel.swift in Sources */,
				7912E2982438C7C500402727 /* ClassCollectionViewCell.swift in Sources */,
				797CAE8B2479984B009BB025 /* SubscriptionTableViewCell.swift in Sources */,
				79B007A52427BC5600D89233 /* UIViewController+Extension.swift in Sources */,
				797CAE8724785A23009BB025 /* AlertViewController.swift in Sources */,
				7968B95D2427B88800FBBE7A /* SplashViewController.swift in Sources */,
				794EB0452440C57200F6AFC9 /* HomeTabBarController.swift in Sources */,
				795CA9FE2443292B004EA7CE /* Category.swift in Sources */,
				795CA9E724420AE2004EA7CE /* UIImageExtension.swift in Sources */,
				793FAEAB2466FAF2002CA006 /* SeriesViewController.swift in Sources */,
				795CA9F62442FA21004EA7CE /* Feedback.swift in Sources */,
				7942F5F0246ED56C002223BA /* SubscriptionViewController.swift in Sources */,
				795CAA0724436833004EA7CE /* VideoTableViewCell.swift in Sources */,
			);
			runOnlyForDeploymentPostprocessing = 0;
		};
/* End PBXSourcesBuildPhase section */

/* Begin PBXVariantGroup section */
		7968B94A2427B2D500FBBE7A /* Main.storyboard */ = {
			isa = PBXVariantGroup;
			children = (
				7968B94B2427B2D500FBBE7A /* Base */,
			);
			name = Main.storyboard;
			sourceTree = "<group>";
		};
		7968B94F2427B2D700FBBE7A /* LaunchScreen.storyboard */ = {
			isa = PBXVariantGroup;
			children = (
				7968B9502427B2D700FBBE7A /* Base */,
			);
			name = LaunchScreen.storyboard;
			sourceTree = "<group>";
		};
/* End PBXVariantGroup section */

/* Begin XCBuildConfiguration section */
		7968B9532427B2D700FBBE7A /* Debug */ = {
			isa = XCBuildConfiguration;
			buildSettings = {
				ALWAYS_SEARCH_USER_PATHS = NO;
				CLANG_ANALYZER_NONNULL = YES;
				CLANG_ANALYZER_NUMBER_OBJECT_CONVERSION = YES_AGGRESSIVE;
				CLANG_CXX_LANGUAGE_STANDARD = "gnu++14";
				CLANG_CXX_LIBRARY = "libc++";
				CLANG_ENABLE_MODULES = YES;
				CLANG_ENABLE_OBJC_ARC = YES;
				CLANG_ENABLE_OBJC_WEAK = YES;
				CLANG_WARN_BLOCK_CAPTURE_AUTORELEASING = YES;
				CLANG_WARN_BOOL_CONVERSION = YES;
				CLANG_WARN_COMMA = YES;
				CLANG_WARN_CONSTANT_CONVERSION = YES;
				CLANG_WARN_DEPRECATED_OBJC_IMPLEMENTATIONS = YES;
				CLANG_WARN_DIRECT_OBJC_ISA_USAGE = YES_ERROR;
				CLANG_WARN_DOCUMENTATION_COMMENTS = YES;
				CLANG_WARN_EMPTY_BODY = YES;
				CLANG_WARN_ENUM_CONVERSION = YES;
				CLANG_WARN_INFINITE_RECURSION = YES;
				CLANG_WARN_INT_CONVERSION = YES;
				CLANG_WARN_NON_LITERAL_NULL_CONVERSION = YES;
				CLANG_WARN_OBJC_IMPLICIT_RETAIN_SELF = YES;
				CLANG_WARN_OBJC_LITERAL_CONVERSION = YES;
				CLANG_WARN_OBJC_ROOT_CLASS = YES_ERROR;
				CLANG_WARN_RANGE_LOOP_ANALYSIS = YES;
				CLANG_WARN_STRICT_PROTOTYPES = YES;
				CLANG_WARN_SUSPICIOUS_MOVE = YES;
				CLANG_WARN_UNGUARDED_AVAILABILITY = YES_AGGRESSIVE;
				CLANG_WARN_UNREACHABLE_CODE = YES;
				CLANG_WARN__DUPLICATE_METHOD_MATCH = YES;
				COPY_PHASE_STRIP = NO;
				DEBUG_INFORMATION_FORMAT = dwarf;
				ENABLE_STRICT_OBJC_MSGSEND = YES;
				ENABLE_TESTABILITY = YES;
				GCC_C_LANGUAGE_STANDARD = gnu11;
				GCC_DYNAMIC_NO_PIC = NO;
				GCC_NO_COMMON_BLOCKS = YES;
				GCC_OPTIMIZATION_LEVEL = 0;
				GCC_PREPROCESSOR_DEFINITIONS = (
					"DEBUG=1",
					"$(inherited)",
				);
				GCC_WARN_64_TO_32_BIT_CONVERSION = YES;
				GCC_WARN_ABOUT_RETURN_TYPE = YES_ERROR;
				GCC_WARN_UNDECLARED_SELECTOR = YES;
				GCC_WARN_UNINITIALIZED_AUTOS = YES_AGGRESSIVE;
				GCC_WARN_UNUSED_FUNCTION = YES;
				GCC_WARN_UNUSED_VARIABLE = YES;
				IPHONEOS_DEPLOYMENT_TARGET = 12.0;
				MTL_ENABLE_DEBUG_INFO = INCLUDE_SOURCE;
				MTL_FAST_MATH = YES;
				ONLY_ACTIVE_ARCH = YES;
				SDKROOT = iphoneos;
				SWIFT_ACTIVE_COMPILATION_CONDITIONS = DEBUG;
				SWIFT_OPTIMIZATION_LEVEL = "-Onone";
			};
			name = Debug;
		};
		7968B9542427B2D700FBBE7A /* Release */ = {
			isa = XCBuildConfiguration;
			buildSettings = {
				ALWAYS_SEARCH_USER_PATHS = NO;
				CLANG_ANALYZER_NONNULL = YES;
				CLANG_ANALYZER_NUMBER_OBJECT_CONVERSION = YES_AGGRESSIVE;
				CLANG_CXX_LANGUAGE_STANDARD = "gnu++14";
				CLANG_CXX_LIBRARY = "libc++";
				CLANG_ENABLE_MODULES = YES;
				CLANG_ENABLE_OBJC_ARC = YES;
				CLANG_ENABLE_OBJC_WEAK = YES;
				CLANG_WARN_BLOCK_CAPTURE_AUTORELEASING = YES;
				CLANG_WARN_BOOL_CONVERSION = YES;
				CLANG_WARN_COMMA = YES;
				CLANG_WARN_CONSTANT_CONVERSION = YES;
				CLANG_WARN_DEPRECATED_OBJC_IMPLEMENTATIONS = YES;
				CLANG_WARN_DIRECT_OBJC_ISA_USAGE = YES_ERROR;
				CLANG_WARN_DOCUMENTATION_COMMENTS = YES;
				CLANG_WARN_EMPTY_BODY = YES;
				CLANG_WARN_ENUM_CONVERSION = YES;
				CLANG_WARN_INFINITE_RECURSION = YES;
				CLANG_WARN_INT_CONVERSION = YES;
				CLANG_WARN_NON_LITERAL_NULL_CONVERSION = YES;
				CLANG_WARN_OBJC_IMPLICIT_RETAIN_SELF = YES;
				CLANG_WARN_OBJC_LITERAL_CONVERSION = YES;
				CLANG_WARN_OBJC_ROOT_CLASS = YES_ERROR;
				CLANG_WARN_RANGE_LOOP_ANALYSIS = YES;
				CLANG_WARN_STRICT_PROTOTYPES = YES;
				CLANG_WARN_SUSPICIOUS_MOVE = YES;
				CLANG_WARN_UNGUARDED_AVAILABILITY = YES_AGGRESSIVE;
				CLANG_WARN_UNREACHABLE_CODE = YES;
				CLANG_WARN__DUPLICATE_METHOD_MATCH = YES;
				COPY_PHASE_STRIP = NO;
				DEBUG_INFORMATION_FORMAT = "dwarf-with-dsym";
				ENABLE_NS_ASSERTIONS = NO;
				ENABLE_STRICT_OBJC_MSGSEND = YES;
				GCC_C_LANGUAGE_STANDARD = gnu11;
				GCC_NO_COMMON_BLOCKS = YES;
				GCC_WARN_64_TO_32_BIT_CONVERSION = YES;
				GCC_WARN_ABOUT_RETURN_TYPE = YES_ERROR;
				GCC_WARN_UNDECLARED_SELECTOR = YES;
				GCC_WARN_UNINITIALIZED_AUTOS = YES_AGGRESSIVE;
				GCC_WARN_UNUSED_FUNCTION = YES;
				GCC_WARN_UNUSED_VARIABLE = YES;
				IPHONEOS_DEPLOYMENT_TARGET = 12.0;
				MTL_ENABLE_DEBUG_INFO = NO;
				MTL_FAST_MATH = YES;
				SDKROOT = iphoneos;
				SWIFT_COMPILATION_MODE = wholemodule;
				SWIFT_OPTIMIZATION_LEVEL = "-O";
				VALIDATE_PRODUCT = YES;
			};
			name = Release;
		};
		7968B9562427B2D700FBBE7A /* Debug */ = {
			isa = XCBuildConfiguration;
			baseConfigurationReference = 78AF28A039FEEF48E7385040 /* Pods-BAILArte.debug.xcconfig */;
			buildSettings = {
				ASSETCATALOG_COMPILER_APPICON_NAME = AppIcon;
				CODE_SIGN_ENTITLEMENTS = BAILArte/BAILArte.entitlements;
				CODE_SIGN_IDENTITY = "iPhone Developer";
				CODE_SIGN_STYLE = Manual;
				CURRENT_PROJECT_VERSION = 6;
				DEVELOPMENT_TEAM = HUUN52S7BA;
				INFOPLIST_FILE = BAILArte/Info.plist;
				LD_RUNPATH_SEARCH_PATHS = (
					"$(inherited)",
					"@executable_path/Frameworks",
				);
				PRODUCT_BUNDLE_IDENTIFIER = com.bogdanpralea.Bailarte;
				PRODUCT_NAME = "$(TARGET_NAME)";
				PROVISIONING_PROFILE_SPECIFIER = "Bailarte Development";
				SWIFT_VERSION = 5.0;
				TARGETED_DEVICE_FAMILY = 1;
			};
			name = Debug;
		};
		7968B9572427B2D700FBBE7A /* Release */ = {
			isa = XCBuildConfiguration;
			baseConfigurationReference = 2F85D669BD07B867B2142D31 /* Pods-BAILArte.release.xcconfig */;
			buildSettings = {
				ASSETCATALOG_COMPILER_APPICON_NAME = AppIcon;
				CODE_SIGN_ENTITLEMENTS = BAILArte/BAILArte.entitlements;
				CODE_SIGN_IDENTITY = "iPhone Distribution";
				CODE_SIGN_STYLE = Manual;
				CURRENT_PROJECT_VERSION = 6;
				DEVELOPMENT_TEAM = HUUN52S7BA;
				INFOPLIST_FILE = BAILArte/Info.plist;
				LD_RUNPATH_SEARCH_PATHS = (
					"$(inherited)",
					"@executable_path/Frameworks",
				);
				PRODUCT_BUNDLE_IDENTIFIER = com.bogdanpralea.Bailarte;
				PRODUCT_NAME = "$(TARGET_NAME)";
				PROVISIONING_PROFILE_SPECIFIER = "Bailarte Distribution";
				SWIFT_VERSION = 5.0;
				TARGETED_DEVICE_FAMILY = 1;
			};
			name = Release;
		};
/* End XCBuildConfiguration section */

/* Begin XCConfigurationList section */
		7968B93C2427B2D500FBBE7A /* Build configuration list for PBXProject "BAILArte" */ = {
			isa = XCConfigurationList;
			buildConfigurations = (
				7968B9532427B2D700FBBE7A /* Debug */,
				7968B9542427B2D700FBBE7A /* Release */,
			);
			defaultConfigurationIsVisible = 0;
			defaultConfigurationName = Release;
		};
		7968B9552427B2D700FBBE7A /* Build configuration list for PBXNativeTarget "BAILArte" */ = {
			isa = XCConfigurationList;
			buildConfigurations = (
				7968B9562427B2D700FBBE7A /* Debug */,
				7968B9572427B2D700FBBE7A /* Release */,
			);
			defaultConfigurationIsVisible = 0;
			defaultConfigurationName = Release;
		};
/* End XCConfigurationList section */
	};
	rootObject = 7968B9392427B2D500FBBE7A /* Project object */;
}
